
Microsoft Visual Studio Solution File, Format Version 12.00
# Visual Studio Version 17
VisualStudioVersion = 17.8.34330.188
MinimumVisualStudioVersion = 10.0.40219.1
Project("{FAE04EC0-301F-11D3-BF4B-00C04F79EFBC}") = "DBDumper", "DBDumper.csproj", "{CEF2BD90-9AD5-470E-A72C-A698CF5D9BAB}"
EndProject
Global
	GlobalSection(SolutionConfigurationPlatforms) = preSolution
		Debug|Any CPU = Debug|Any CPU
		Release|Any CPU = Release|Any CPU
	EndGlobalSection
	GlobalSection(ProjectConfigurationPlatforms) = postSolution
		{CEF2BD90-9AD5-470E-A72C-A698CF5D9BAB}.Debug|Any CPU.ActiveCfg = Debug|Any CPU
		{CEF2BD90-9AD5-470E-A72C-A698CF5D9BAB}.Debug|Any CPU.Build.0 = Debug|Any CPU
		{CEF2BD90-9AD5-470E-A72C-A698CF5D9BAB}.Release|Any CPU.ActiveCfg = Release|Any CPU
		{CEF2BD90-9AD5-470E-A72C-A698CF5D9BAB}.Release|Any CPU.Build.0 = Release|Any CPU
	EndGlobalSection
	GlobalSection(SolutionProperties) = preSolution
		HideSolutionNode = FALSE
	EndGlobalSection
	GlobalSection(ExtensibilityGlobals) = postSolution
		SolutionGuid = {E7901534-B725-498E-B6AF-28B24B4A9D1B}
	EndGlobalSection
EndGlobal
